
Microsoft Visual Studio Solution File, Format Version 12.00
# Visual Studio Version 16
VisualStudioVersion = 16.0.29411.108
MinimumVisualStudioVersion = 10.0.40219.1
Project("{FAE04EC0-301F-11D3-BF4B-00C04F79EFBC}") = "BankingApp.Android", "BankingApp\BankingApp.Android\BankingApp.Android.csproj", "{438A4A0C-2312-4BF2-BBDA-49633F415DD0}"
EndProject
Project("{FAE04EC0-301F-11D3-BF4B-00C04F79EFBC}") = "BankingApp.iOS", "BankingApp\BankingApp.iOS\BankingApp.iOS.csproj", "{959528C8-BE19-47F1-98D9-2B80D0006C1A}"
EndProject
Project("{FAE04EC0-301F-11D3-BF4B-00C04F79EFBC}") = "BankingApp", "BankingApp\BankingApp\BankingApp.csproj", "{FF41FD35-354D-4AC7-B3A5-4700AC7726AA}"
EndProject
Global
	GlobalSection(SolutionConfigurationPlatforms) = preSolution
		Debug|Any CPU = Debug|Any CPU
		Debug|iPhone = Debug|iPhone
		Debug|iPhoneSimulator = Debug|iPhoneSimulator
		Release|Any CPU = Release|Any CPU
		Release|iPhone = Release|iPhone
		Release|iPhoneSimulator = Release|iPhoneSimulator
	EndGlobalSection
	GlobalSection(ProjectConfigurationPlatforms) = postSolution
		{438A4A0C-2312-4BF2-BBDA-49633F415DD0}.Debug|Any CPU.ActiveCfg = Debug|Any CPU
		{438A4A0C-2312-4BF2-BBDA-49633F415DD0}.Debug|Any CPU.Build.0 = Debug|Any CPU
		{438A4A0C-2312-4BF2-BBDA-49633F415DD0}.Debug|Any CPU.Deploy.0 = Debug|Any CPU
		{438A4A0C-2312-4BF2-BBDA-49633F415DD0}.Debug|iPhone.ActiveCfg = Debug|Any CPU
		{438A4A0C-2312-4BF2-BBDA-49633F415DD0}.Debug|iPhone.Build.0 = Debug|Any CPU
		{438A4A0C-2312-4BF2-BBDA-49633F415DD0}.Debug|iPhone.Deploy.0 = Debug|Any CPU
		{438A4A0C-2312-4BF2-BBDA-49633F415DD0}.Debug|iPhoneSimulator.ActiveCfg = Debug|Any CPU
		{438A4A0C-2312-4BF2-BBDA-49633F415DD0}.Debug|iPhoneSimulator.Build.0 = Debug|Any CPU
		{438A4A0C-2312-4BF2-BBDA-49633F415DD0}.Debug|iPhoneSimulator.Deploy.0 = Debug|Any CPU
		{438A4A0C-2312-4BF2-BBDA-49633F415DD0}.Release|Any CPU.ActiveCfg = Release|Any CPU
		{438A4A0C-2312-4BF2-BBDA-49633F415DD0}.Release|Any CPU.Build.0 = Release|Any CPU
		{438A4A0C-2312-4BF2-BBDA-49633F415DD0}.Release|Any CPU.Deploy.0 = Release|Any CPU
		{438A4A0C-2312-4BF2-BBDA-49633F415DD0}.Release|iPhone.ActiveCfg = Release|Any CPU
		{438A4A0C-2312-4BF2-BBDA-49633F415DD0}.Release|iPhone.Build.0 = Release|Any CPU
		{438A4A0C-2312-4BF2-BBDA-49633F415DD0}.Release|iPhone.Deploy.0 = Release|Any CPU
		{438A4A0C-2312-4BF2-BBDA-49633F415DD0}.Release|iPhoneSimulator.ActiveCfg = Release|Any CPU
		{438A4A0C-2312-4BF2-BBDA-49633F415DD0}.Release|iPhoneSimulator.Build.0 = Release|Any CPU
		{438A4A0C-2312-4BF2-BBDA-49633F415DD0}.Release|iPhoneSimulator.Deploy.0 = Release|Any CPU
		{959528C8-BE19-47F1-98D9-2B80D0006C1A}.Debug|Any CPU.ActiveCfg = Debug|iPhoneSimulator
		{959528C8-BE19-47F1-98D9-2B80D0006C1A}.Debug|Any CPU.Build.0 = Debug|iPhoneSimulator
		{959528C8-BE19-47F1-98D9-2B80D0006C1A}.Debug|Any CPU.Deploy.0 = Debug|iPhoneSimulator
		{959528C8-BE19-47F1-98D9-2B80D0006C1A}.Debug|iPhone.ActiveCfg = Debug|iPhone
		{959528C8-BE19-47F1-98D9-2B80D0006C1A}.Debug|iPhone.Build.0 = Debug|iPhone
		{959528C8-BE19-47F1-98D9-2B80D0006C1A}.Debug|iPhone.Deploy.0 = Debug|iPhone
		{959528C8-BE19-47F1-98D9-2B80D0006C1A}.Debug|iPhoneSimulator.ActiveCfg = Debug|iPhoneSimulator
		{959528C8-BE19-47F1-98D9-2B80D0006C1A}.Debug|iPhoneSimulator.Build.0 = Debug|iPhoneSimulator
		{959528C8-BE19-47F1-98D9-2B80D0006C1A}.Debug|iPhoneSimulator.Deploy.0 = Debug|iPhoneSimulator
		{959528C8-BE19-47F1-98D9-2B80D0006C1A}.Release|Any CPU.ActiveCfg = Release|iPhone
		{959528C8-BE19-47F1-98D9-2B80D0006C1A}.Release|Any CPU.Build.0 = Release|iPhone
		{959528C8-BE19-47F1-98D9-2B80D0006C1A}.Release|Any CPU.Deploy.0 = Release|iPhone
		{959528C8-BE19-47F1-98D9-2B80D0006C1A}.Release|iPhone.ActiveCfg = Release|iPhone
		{959528C8-BE19-47F1-98D9-2B80D0006C1A}.Release|iPhone.Build.0 = Release|iPhone
		{959528C8-BE19-47F1-98D9-2B80D0006C1A}.Release|iPhone.Deploy.0 = Release|iPhone
		{959528C8-BE19-47F1-98D9-2B80D0006C1A}.Release|iPhoneSimulator.ActiveCfg = Release|iPhoneSimulator
		{959528C8-BE19-47F1-98D9-2B80D0006C1A}.Release|iPhoneSimulator.Build.0 = Release|iPhoneSimulator
		{959528C8-BE19-47F1-98D9-2B80D0006C1A}.Release|iPhoneSimulator.Deploy.0 = Release|iPhoneSimulator
		{FF41FD35-354D-4AC7-B3A5-4700AC7726AA}.Debug|Any CPU.ActiveCfg = Debug|Any CPU
		{FF41FD35-354D-4AC7-B3A5-4700AC7726AA}.Debug|Any CPU.Build.0 = Debug|Any CPU
		{FF41FD35-354D-4AC7-B3A5-4700AC7726AA}.Debug|Any CPU.Deploy.0 = Debug|Any CPU
		{FF41FD35-354D-4AC7-B3A5-4700AC7726AA}.Debug|iPhone.ActiveCfg = Debug|Any CPU
		{FF41FD35-354D-4AC7-B3A5-4700AC7726AA}.Debug|iPhone.Build.0 = Debug|Any CPU
		{FF41FD35-354D-4AC7-B3A5-4700AC7726AA}.Debug|iPhone.Deploy.0 = Debug|Any CPU
		{FF41FD35-354D-4AC7-B3A5-4700AC7726AA}.Debug|iPhoneSimulator.ActiveCfg = Debug|Any CPU
		{FF41FD35-354D-4AC7-B3A5-4700AC7726AA}.Debug|iPhoneSimulator.Build.0 = Debug|Any CPU
		{FF41FD35-354D-4AC7-B3A5-4700AC7726AA}.Debug|iPhoneSimulator.Deploy.0 = Debug|Any CPU
		{FF41FD35-354D-4AC7-B3A5-4700AC7726AA}.Release|Any CPU.ActiveCfg = Release|Any CPU
		{FF41FD35-354D-4AC7-B3A5-4700AC7726AA}.Release|Any CPU.Build.0 = Release|Any CPU
		{FF41FD35-354D-4AC7-B3A5-4700AC7726AA}.Release|Any CPU.Deploy.0 = Release|Any CPU
		{FF41FD35-354D-4AC7-B3A5-4700AC7726AA}.Release|iPhone.ActiveCfg = Release|Any CPU
		{FF41FD35-354D-4AC7-B3A5-4700AC7726AA}.Release|iPhone.Build.0 = Release|Any CPU
		{FF41FD35-354D-4AC7-B3A5-4700AC7726AA}.Release|iPhone.Deploy.0 = Release|Any CPU
		{FF41FD35-354D-4AC7-B3A5-4700AC7726AA}.Release|iPhoneSimulator.ActiveCfg = Release|Any CPU
		{FF41FD35-354D-4AC7-B3A5-4700AC7726AA}.Release|iPhoneSimulator.Build.0 = Release|Any CPU
		{FF41FD35-354D-4AC7-B3A5-4700AC7726AA}.Release|iPhoneSimulator.Deploy.0 = Release|Any CPU
	EndGlobalSection
	GlobalSection(SolutionProperties) = preSolution
		HideSolutionNode = FALSE
	EndGlobalSection
	GlobalSection(ExtensibilityGlobals) = postSolution
		SolutionGuid = {3F9F9EAB-0A74-42D7-BED0-82C2B3872B66}
	EndGlobalSection
EndGlobal
